// !$*UTF8*$!
{
	archiveVersion = 1;
	classes = {
	};
	objectVersion = 56;
	objects = {

/* Begin PBXBuildFile section */
		6201C46C2B5DAD73009A5AF0 /* NameEditor.swift in Sources */ = {isa = PBXBuildFile; fileRef = 6201C46B2B5DAD73009A5AF0 /* NameEditor.swift */; };
		6206CF672B66C192009ADE5C /* AbilitiesView.swift in Sources */ = {isa = PBXBuildFile; fileRef = 6206CF662B66C192009ADE5C /* AbilitiesView.swift */; };
		6226CECE2A74A0880089E252 /* ValidField.swift in Sources */ = {isa = PBXBuildFile; fileRef = 6226CECD2A74A0880089E252 /* ValidField.swift */; };
		623491982A74AC6B00A38880 /* Ability.swift in Sources */ = {isa = PBXBuildFile; fileRef = 623491972A74AC6B00A38880 /* Ability.swift */; };
		6266DB7F2B54CEBC0077AB23 /* WizardProtocol.swift in Sources */ = {isa = PBXBuildFile; fileRef = 6266DB7E2B54CEBC0077AB23 /* WizardProtocol.swift */; };
		6267D04E2B662DFD00C60536 /* AbilitiesTranscribeWizard.swift in Sources */ = {isa = PBXBuildFile; fileRef = 6267D04D2B662DFD00C60536 /* AbilitiesTranscribeWizard.swift */; };
		6267D0502B66303800C60536 /* AbilityGridRowView.swift in Sources */ = {isa = PBXBuildFile; fileRef = 6267D04F2B66303800C60536 /* AbilityGridRowView.swift */; };
		626986112A549542004391FC /* WelcomeScreen.swift in Sources */ = {isa = PBXBuildFile; fileRef = 626986102A549542004391FC /* WelcomeScreen.swift */; };
		626986152A5499E6004391FC /* AdventurerView.swift in Sources */ = {isa = PBXBuildFile; fileRef = 626986142A5499E6004391FC /* AdventurerView.swift */; };
		626986532A566DCE004391FC /* PreviewModelContainer.swift in Sources */ = {isa = PBXBuildFile; fileRef = 626986522A566DCE004391FC /* PreviewModelContainer.swift */; };
		627D72312A6CF30700C950C5 /* Proto.swift in Sources */ = {isa = PBXBuildFile; fileRef = 627D72302A6CF30700C950C5 /* Proto.swift */; };
		629E8D7D2A548E5B002CDCAF /* AdventurersApp.swift in Sources */ = {isa = PBXBuildFile; fileRef = 629E8D7C2A548E5B002CDCAF /* AdventurersApp.swift */; };
		629E8D7F2A548E5B002CDCAF /* Adventurer.swift in Sources */ = {isa = PBXBuildFile; fileRef = 629E8D7E2A548E5B002CDCAF /* Adventurer.swift */; };
		629E8D812A548E5B002CDCAF /* Browser.swift in Sources */ = {isa = PBXBuildFile; fileRef = 629E8D802A548E5B002CDCAF /* Browser.swift */; };
		629E8D832A548E5C002CDCAF /* Assets.xcassets in Resources */ = {isa = PBXBuildFile; fileRef = 629E8D822A548E5C002CDCAF /* Assets.xcassets */; };
		629E8D872A548E5C002CDCAF /* Preview Assets.xcassets in Resources */ = {isa = PBXBuildFile; fileRef = 629E8D862A548E5C002CDCAF /* Preview Assets.xcassets */; };
		629E8D922A548E5C002CDCAF /* AdventurersTests.swift in Sources */ = {isa = PBXBuildFile; fileRef = 629E8D912A548E5C002CDCAF /* AdventurersTests.swift */; };
		629E8D9C2A548E5C002CDCAF /* AdventurersUITests.swift in Sources */ = {isa = PBXBuildFile; fileRef = 629E8D9B2A548E5C002CDCAF /* AdventurersUITests.swift */; };
		629E8D9E2A548E5C002CDCAF /* AdventurersUITestsLaunchTests.swift in Sources */ = {isa = PBXBuildFile; fileRef = 629E8D9D2A548E5C002CDCAF /* AdventurersUITestsLaunchTests.swift */; };
		62DA2B132B0F250800F05457 /* AdventurerWizard.swift in Sources */ = {isa = PBXBuildFile; fileRef = 62DA2B122B0F250800F05457 /* AdventurerWizard.swift */; };
		62DA2B192B0FA67800F05457 /* StringUtils.swift in Sources */ = {isa = PBXBuildFile; fileRef = 62DA2B182B0FA67800F05457 /* StringUtils.swift */; };
		62DA2B1B2B0FEED300F05457 /* ViewHeightModifier.swift in Sources */ = {isa = PBXBuildFile; fileRef = 62DA2B1A2B0FEED300F05457 /* ViewHeightModifier.swift */; };
		62E5C04D2A5683690007FD7D /* SampleData.swift in Sources */ = {isa = PBXBuildFile; fileRef = 62E5C04C2A5683690007FD7D /* SampleData.swift */; };
/* End PBXBuildFile section */

/* Begin PBXContainerItemProxy section */
		629E8D8E2A548E5C002CDCAF /* PBXContainerItemProxy */ = {
			isa = PBXContainerItemProxy;
			containerPortal = 629E8D712A548E5B002CDCAF /* Project object */;
			proxyType = 1;
			remoteGlobalIDString = 629E8D782A548E5B002CDCAF;
			remoteInfo = Adventurers;
		};
		629E8D982A548E5C002CDCAF /* PBXContainerItemProxy */ = {
			isa = PBXContainerItemProxy;
			containerPortal = 629E8D712A548E5B002CDCAF /* Project object */;
			proxyType = 1;
			remoteGlobalIDString = 629E8D782A548E5B002CDCAF;
			remoteInfo = Adventurers;
		};
/* End PBXContainerItemProxy section */

/* Begin PBXFileReference section */
		6201C46B2B5DAD73009A5AF0 /* NameEditor.swift */ = {isa = PBXFileReference; lastKnownFileType = sourcecode.swift; path = NameEditor.swift; sourceTree = "<group>"; };
		6206CF662B66C192009ADE5C /* AbilitiesView.swift */ = {isa = PBXFileReference; lastKnownFileType = sourcecode.swift; path = AbilitiesView.swift; sourceTree = "<group>"; };
		6226CECD2A74A0880089E252 /* ValidField.swift */ = {isa = PBXFileReference; lastKnownFileType = sourcecode.swift; path = ValidField.swift; sourceTree = "<group>"; };
		623491972A74AC6B00A38880 /* Ability.swift */ = {isa = PBXFileReference; lastKnownFileType = sourcecode.swift; path = Ability.swift; sourceTree = "<group>"; };
		6266DB7E2B54CEBC0077AB23 /* WizardProtocol.swift */ = {isa = PBXFileReference; lastKnownFileType = sourcecode.swift; path = WizardProtocol.swift; sourceTree = "<group>"; };
		6267D04D2B662DFD00C60536 /* AbilitiesTranscribeWizard.swift */ = {isa = PBXFileReference; lastKnownFileType = sourcecode.swift; path = AbilitiesTranscribeWizard.swift; sourceTree = "<group>"; };
		6267D04F2B66303800C60536 /* AbilityGridRowView.swift */ = {isa = PBXFileReference; lastKnownFileType = sourcecode.swift; path = AbilityGridRowView.swift; sourceTree = "<group>"; };
		626986102A549542004391FC /* WelcomeScreen.swift */ = {isa = PBXFileReference; lastKnownFileType = sourcecode.swift; path = WelcomeScreen.swift; sourceTree = "<group>"; };
		626986142A5499E6004391FC /* AdventurerView.swift */ = {isa = PBXFileReference; lastKnownFileType = sourcecode.swift; path = AdventurerView.swift; sourceTree = "<group>"; };
		626986522A566DCE004391FC /* PreviewModelContainer.swift */ = {isa = PBXFileReference; lastKnownFileType = sourcecode.swift; path = PreviewModelContainer.swift; sourceTree = "<group>"; };
		627D72302A6CF30700C950C5 /* Proto.swift */ = {isa = PBXFileReference; lastKnownFileType = sourcecode.swift; path = Proto.swift; sourceTree = "<group>"; };
		629E8D792A548E5B002CDCAF /* Adventurers.app */ = {isa = PBXFileReference; explicitFileType = wrapper.application; includeInIndex = 0; path = Adventurers.app; sourceTree = BUILT_PRODUCTS_DIR; };
		629E8D7C2A548E5B002CDCAF /* AdventurersApp.swift */ = {isa = PBXFileReference; lastKnownFileType = sourcecode.swift; path = AdventurersApp.swift; sourceTree = "<group>"; };
		629E8D7E2A548E5B002CDCAF /* Adventurer.swift */ = {isa = PBXFileReference; lastKnownFileType = sourcecode.swift; path = Adventurer.swift; sourceTree = "<group>"; };
		629E8D802A548E5B002CDCAF /* Browser.swift */ = {isa = PBXFileReference; lastKnownFileType = sourcecode.swift; path = Browser.swift; sourceTree = "<group>"; };
		629E8D822A548E5C002CDCAF /* Assets.xcassets */ = {isa = PBXFileReference; lastKnownFileType = folder.assetcatalog; path = Assets.xcassets; sourceTree = "<group>"; };
		629E8D842A548E5C002CDCAF /* Adventurers.entitlements */ = {isa = PBXFileReference; lastKnownFileType = text.plist.entitlements; path = Adventurers.entitlements; sourceTree = "<group>"; };
		629E8D862A548E5C002CDCAF /* Preview Assets.xcassets */ = {isa = PBXFileReference; lastKnownFileType = folder.assetcatalog; path = "Preview Assets.xcassets"; sourceTree = "<group>"; };
		629E8D882A548E5C002CDCAF /* Info.plist */ = {isa = PBXFileReference; lastKnownFileType = text.plist.xml; path = Info.plist; sourceTree = "<group>"; };
		629E8D8D2A548E5C002CDCAF /* AdventurersTests.xctest */ = {isa = PBXFileReference; explicitFileType = wrapper.cfbundle; includeInIndex = 0; path = AdventurersTests.xctest; sourceTree = BUILT_PRODUCTS_DIR; };
		629E8D912A548E5C002CDCAF /* AdventurersTests.swift */ = {isa = PBXFileReference; lastKnownFileType = sourcecode.swift; path = AdventurersTests.swift; sourceTree = "<group>"; };
		629E8D972A548E5C002CDCAF /* AdventurersUITests.xctest */ = {isa = PBXFileReference; explicitFileType = wrapper.cfbundle; includeInIndex = 0; path = AdventurersUITests.xctest; sourceTree = BUILT_PRODUCTS_DIR; };
		629E8D9B2A548E5C002CDCAF /* AdventurersUITests.swift */ = {isa = PBXFileReference; lastKnownFileType = sourcecode.swift; path = AdventurersUITests.swift; sourceTree = "<group>"; };
		629E8D9D2A548E5C002CDCAF /* AdventurersUITestsLaunchTests.swift */ = {isa = PBXFileReference; lastKnownFileType = sourcecode.swift; path = AdventurersUITestsLaunchTests.swift; sourceTree = "<group>"; };
		62DA2B122B0F250800F05457 /* AdventurerWizard.swift */ = {isa = PBXFileReference; lastKnownFileType = sourcecode.swift; path = AdventurerWizard.swift; sourceTree = "<group>"; };
		62DA2B182B0FA67800F05457 /* StringUtils.swift */ = {isa = PBXFileReference; lastKnownFileType = sourcecode.swift; path = StringUtils.swift; sourceTree = "<group>"; };
		62DA2B1A2B0FEED300F05457 /* ViewHeightModifier.swift */ = {isa = PBXFileReference; lastKnownFileType = sourcecode.swift; path = ViewHeightModifier.swift; sourceTree = "<group>"; };
		62E5C04C2A5683690007FD7D /* SampleData.swift */ = {isa = PBXFileReference; lastKnownFileType = sourcecode.swift; path = SampleData.swift; sourceTree = "<group>"; };
/* End PBXFileReference section */

/* Begin PBXFrameworksBuildPhase section */
		629E8D762A548E5B002CDCAF /* Frameworks */ = {
			isa = PBXFrameworksBuildPhase;
			buildActionMask = 2147483647;
			files = (
			);
			runOnlyForDeploymentPostprocessing = 0;
		};
		629E8D8A2A548E5C002CDCAF /* Frameworks */ = {
			isa = PBXFrameworksBuildPhase;
			buildActionMask = 2147483647;
			files = (
			);
			runOnlyForDeploymentPostprocessing = 0;
		};
		629E8D942A548E5C002CDCAF /* Frameworks */ = {
			isa = PBXFrameworksBuildPhase;
			buildActionMask = 2147483647;
			files = (
			);
			runOnlyForDeploymentPostprocessing = 0;
		};
/* End PBXFrameworksBuildPhase section */

/* Begin PBXGroup section */
		6226CECC2A74A0650089E252 /* Utility Views */ = {
			isa = PBXGroup;
			children = (
				6226CECD2A74A0880089E252 /* ValidField.swift */,
				62DA2B1A2B0FEED300F05457 /* ViewHeightModifier.swift */,
			);
			path = "Utility Views";
			sourceTree = "<group>";
		};
		623491892A74A7BF00A38880 /* Attributes */ = {
			isa = PBXGroup;
			children = (
			);
			path = Attributes;
			sourceTree = "<group>";
		};
		623F2C652A6D849D00E405AB /* Wizard */ = {
			isa = PBXGroup;
			children = (
				62DA2B122B0F250800F05457 /* AdventurerWizard.swift */,
				6201C46B2B5DAD73009A5AF0 /* NameEditor.swift */,
				6266DB7E2B54CEBC0077AB23 /* WizardProtocol.swift */,
				6267D04D2B662DFD00C60536 /* AbilitiesTranscribeWizard.swift */,
			);
			path = Wizard;
			sourceTree = "<group>";
		};
		623F2C662A6D84C000E405AB /* Adventurer */ = {
			isa = PBXGroup;
			children = (
				626986142A5499E6004391FC /* AdventurerView.swift */,
				6267D04F2B66303800C60536 /* AbilityGridRowView.swift */,
				6206CF662B66C192009ADE5C /* AbilitiesView.swift */,
			);
			path = Adventurer;
			sourceTree = "<group>";
		};
		6269860E2A54951A004391FC /* Views */ = {
			isa = PBXGroup;
			children = (
				623F2C662A6D84C000E405AB /* Adventurer */,
				623F2C652A6D849D00E405AB /* Wizard */,
				629E8D802A548E5B002CDCAF /* Browser.swift */,
				626986102A549542004391FC /* WelcomeScreen.swift */,
				6226CECC2A74A0650089E252 /* Utility Views */,
			);
			path = Views;
			sourceTree = "<group>";
		};
		6269860F2A549528004391FC /* Models */ = {
			isa = PBXGroup;
			children = (
				623491972A74AC6B00A38880 /* Ability.swift */,
				629E8D7E2A548E5B002CDCAF /* Adventurer.swift */,
				627D72302A6CF30700C950C5 /* Proto.swift */,
			);
			path = Models;
			sourceTree = "<group>";
		};
		627D72322A6CFC2D00C950C5 /* Miscellaneous */ = {
			isa = PBXGroup;
			children = (
				62DA2B182B0FA67800F05457 /* StringUtils.swift */,
			);
			path = Miscellaneous;
			sourceTree = "<group>";
		};
		629E8D702A548E5B002CDCAF = {
			isa = PBXGroup;
			children = (
				629E8D7B2A548E5B002CDCAF /* Adventurers */,
				629E8D902A548E5C002CDCAF /* AdventurersTests */,
				629E8D9A2A548E5C002CDCAF /* AdventurersUITests */,
				629E8D7A2A548E5B002CDCAF /* Products */,
			);
			sourceTree = "<group>";
		};
		629E8D7A2A548E5B002CDCAF /* Products */ = {
			isa = PBXGroup;
			children = (
				629E8D792A548E5B002CDCAF /* Adventurers.app */,
				629E8D8D2A548E5C002CDCAF /* AdventurersTests.xctest */,
				629E8D972A548E5C002CDCAF /* AdventurersUITests.xctest */,
			);
			name = Products;
			sourceTree = "<group>";
		};
		629E8D7B2A548E5B002CDCAF /* Adventurers */ = {
			isa = PBXGroup;
			children = (
				623491892A74A7BF00A38880 /* Attributes */,
				6269860E2A54951A004391FC /* Views */,
				6269860F2A549528004391FC /* Models */,
				627D72322A6CFC2D00C950C5 /* Miscellaneous */,
				62E5C04B2A5682F20007FD7D /* Preview */,
				629E8D7C2A548E5B002CDCAF /* AdventurersApp.swift */,
				629E8D822A548E5C002CDCAF /* Assets.xcassets */,
				629E8D842A548E5C002CDCAF /* Adventurers.entitlements */,
				629E8D882A548E5C002CDCAF /* Info.plist */,
				629E8D852A548E5C002CDCAF /* Preview Content */,
			);
			path = Adventurers;
			sourceTree = "<group>";
		};
		629E8D852A548E5C002CDCAF /* Preview Content */ = {
			isa = PBXGroup;
			children = (
				629E8D862A548E5C002CDCAF /* Preview Assets.xcassets */,
			);
			path = "Preview Content";
			sourceTree = "<group>";
		};
		629E8D902A548E5C002CDCAF /* AdventurersTests */ = {
			isa = PBXGroup;
			children = (
				629E8D912A548E5C002CDCAF /* AdventurersTests.swift */,
			);
			path = AdventurersTests;
			sourceTree = "<group>";
		};
		629E8D9A2A548E5C002CDCAF /* AdventurersUITests */ = {
			isa = PBXGroup;
			children = (
				629E8D9B2A548E5C002CDCAF /* AdventurersUITests.swift */,
				629E8D9D2A548E5C002CDCAF /* AdventurersUITestsLaunchTests.swift */,
			);
			path = AdventurersUITests;
			sourceTree = "<group>";
		};
		62E5C04B2A5682F20007FD7D /* Preview */ = {
			isa = PBXGroup;
			children = (
				626986522A566DCE004391FC /* PreviewModelContainer.swift */,
				62E5C04C2A5683690007FD7D /* SampleData.swift */,
			);
			path = Preview;
			sourceTree = "<group>";
		};
/* End PBXGroup section */

/* Begin PBXNativeTarget section */
		629E8D782A548E5B002CDCAF /* Adventurers */ = {
			isa = PBXNativeTarget;
			buildConfigurationList = 629E8DA12A548E5C002CDCAF /* Build configuration list for PBXNativeTarget "Adventurers" */;
			buildPhases = (
				629E8D752A548E5B002CDCAF /* Sources */,
				629E8D762A548E5B002CDCAF /* Frameworks */,
				629E8D772A548E5B002CDCAF /* Resources */,
			);
			buildRules = (
			);
			dependencies = (
			);
			name = Adventurers;
			productName = Adventurers;
			productReference = 629E8D792A548E5B002CDCAF /* Adventurers.app */;
			productType = "com.apple.product-type.application";
		};
		629E8D8C2A548E5C002CDCAF /* AdventurersTests */ = {
			isa = PBXNativeTarget;
			buildConfigurationList = 629E8DA42A548E5C002CDCAF /* Build configuration list for PBXNativeTarget "AdventurersTests" */;
			buildPhases = (
				629E8D892A548E5C002CDCAF /* Sources */,
				629E8D8A2A548E5C002CDCAF /* Frameworks */,
				629E8D8B2A548E5C002CDCAF /* Resources */,
			);
			buildRules = (
			);
			dependencies = (
				629E8D8F2A548E5C002CDCAF /* PBXTargetDependency */,
			);
			name = AdventurersTests;
			productName = AdventurersTests;
			productReference = 629E8D8D2A548E5C002CDCAF /* AdventurersTests.xctest */;
			productType = "com.apple.product-type.bundle.unit-test";
		};
		629E8D962A548E5C002CDCAF /* AdventurersUITests */ = {
			isa = PBXNativeTarget;
			buildConfigurationList = 629E8DA72A548E5C002CDCAF /* Build configuration list for PBXNativeTarget "AdventurersUITests" */;
			buildPhases = (
				629E8D932A548E5C002CDCAF /* Sources */,
				629E8D942A548E5C002CDCAF /* Frameworks */,
				629E8D952A548E5C002CDCAF /* Resources */,
			);
			buildRules = (
			);
			dependencies = (
				629E8D992A548E5C002CDCAF /* PBXTargetDependency */,
			);
			name = AdventurersUITests;
			productName = AdventurersUITests;
			productReference = 629E8D972A548E5C002CDCAF /* AdventurersUITests.xctest */;
			productType = "com.apple.product-type.bundle.ui-testing";
		};
/* End PBXNativeTarget section */

/* Begin PBXProject section */
		629E8D712A548E5B002CDCAF /* Project object */ = {
			isa = PBXProject;
			attributes = {
				BuildIndependentTargetsInParallel = 1;
				LastSwiftUpdateCheck = 1500;
				LastUpgradeCheck = 1520;
				TargetAttributes = {
					629E8D782A548E5B002CDCAF = {
						CreatedOnToolsVersion = 15.0;
					};
					629E8D8C2A548E5C002CDCAF = {
						CreatedOnToolsVersion = 15.0;
						TestTargetID = 629E8D782A548E5B002CDCAF;
					};
					629E8D962A548E5C002CDCAF = {
						CreatedOnToolsVersion = 15.0;
						TestTargetID = 629E8D782A548E5B002CDCAF;
					};
				};
			};
			buildConfigurationList = 629E8D742A548E5B002CDCAF /* Build configuration list for PBXProject "Adventurers" */;
			compatibilityVersion = "Xcode 14.0";
			developmentRegion = en;
			hasScannedForEncodings = 0;
			knownRegions = (
				en,
				Base,
			);
			mainGroup = 629E8D702A548E5B002CDCAF;
			productRefGroup = 629E8D7A2A548E5B002CDCAF /* Products */;
			projectDirPath = "";
			projectRoot = "";
			targets = (
				629E8D782A548E5B002CDCAF /* Adventurers */,
				629E8D8C2A548E5C002CDCAF /* AdventurersTests */,
				629E8D962A548E5C002CDCAF /* AdventurersUITests */,
			);
		};
/* End PBXProject section */

/* Begin PBXResourcesBuildPhase section */
		629E8D772A548E5B002CDCAF /* Resources */ = {
			isa = PBXResourcesBuildPhase;
			buildActionMask = 2147483647;
			files = (
				629E8D872A548E5C002CDCAF /* Preview Assets.xcassets in Resources */,
				629E8D832A548E5C002CDCAF /* Assets.xcassets in Resources */,
			);
			runOnlyForDeploymentPostprocessing = 0;
		};
		629E8D8B2A548E5C002CDCAF /* Resources */ = {
			isa = PBXResourcesBuildPhase;
			buildActionMask = 2147483647;
			files = (
			);
			runOnlyForDeploymentPostprocessing = 0;
		};
		629E8D952A548E5C002CDCAF /* Resources */ = {
			isa = PBXResourcesBuildPhase;
			buildActionMask = 2147483647;
			files = (
			);
			runOnlyForDeploymentPostprocessing = 0;
		};
/* End PBXResourcesBuildPhase section */

/* Begin PBXSourcesBuildPhase section */
		629E8D752A548E5B002CDCAF /* Sources */ = {
			isa = PBXSourcesBuildPhase;
			buildActionMask = 2147483647;
			files = (
				62DA2B132B0F250800F05457 /* AdventurerWizard.swift in Sources */,
				6206CF672B66C192009ADE5C /* AbilitiesView.swift in Sources */,
				629E8D7F2A548E5B002CDCAF /* Adventurer.swift in Sources */,
				62E5C04D2A5683690007FD7D /* SampleData.swift in Sources */,
				627D72312A6CF30700C950C5 /* Proto.swift in Sources */,
				6226CECE2A74A0880089E252 /* ValidField.swift in Sources */,
				6201C46C2B5DAD73009A5AF0 /* NameEditor.swift in Sources */,
				62DA2B1B2B0FEED300F05457 /* ViewHeightModifier.swift in Sources */,
				6267D0502B66303800C60536 /* AbilityGridRowView.swift in Sources */,
				62DA2B192B0FA67800F05457 /* StringUtils.swift in Sources */,
				629E8D7D2A548E5B002CDCAF /* AdventurersApp.swift in Sources */,
				626986532A566DCE004391FC /* PreviewModelContainer.swift in Sources */,
				626986152A5499E6004391FC /* AdventurerView.swift in Sources */,
				626986112A549542004391FC /* WelcomeScreen.swift in Sources */,
				6266DB7F2B54CEBC0077AB23 /* WizardProtocol.swift in Sources */,
				623491982A74AC6B00A38880 /* Ability.swift in Sources */,
				6267D04E2B662DFD00C60536 /* AbilitiesTranscribeWizard.swift in Sources */,
				629E8D812A548E5B002CDCAF /* Browser.swift in Sources */,
			);
			runOnlyForDeploymentPostprocessing = 0;
		};
		629E8D892A548E5C002CDCAF /* Sources */ = {
			isa = PBXSourcesBuildPhase;
			buildActionMask = 2147483647;
			files = (
				629E8D922A548E5C002CDCAF /* AdventurersTests.swift in Sources */,
			);
			runOnlyForDeploymentPostprocessing = 0;
		};
		629E8D932A548E5C002CDCAF /* Sources */ = {
			isa = PBXSourcesBuildPhase;
			buildActionMask = 2147483647;
			files = (
				629E8D9E2A548E5C002CDCAF /* AdventurersUITestsLaunchTests.swift in Sources */,
				629E8D9C2A548E5C002CDCAF /* AdventurersUITests.swift in Sources */,
			);
			runOnlyForDeploymentPostprocessing = 0;
		};
/* End PBXSourcesBuildPhase section */

/* Begin PBXTargetDependency section */
		629E8D8F2A548E5C002CDCAF /* PBXTargetDependency */ = {
			isa = PBXTargetDependency;
			target = 629E8D782A548E5B002CDCAF /* Adventurers */;
			targetProxy = 629E8D8E2A548E5C002CDCAF /* PBXContainerItemProxy */;
		};
		629E8D992A548E5C002CDCAF /* PBXTargetDependency */ = {
			isa = PBXTargetDependency;
			target = 629E8D782A548E5B002CDCAF /* Adventurers */;
			targetProxy = 629E8D982A548E5C002CDCAF /* PBXContainerItemProxy */;
		};
/* End PBXTargetDependency section */

/* Begin XCBuildConfiguration section */
		629E8D9F2A548E5C002CDCAF /* Debug */ = {
			isa = XCBuildConfiguration;
			buildSettings = {
				ALWAYS_SEARCH_USER_PATHS = NO;
				ASSETCATALOG_COMPILER_GENERATE_SWIFT_ASSET_SYMBOL_EXTENSIONS = YES;
				CLANG_ANALYZER_NONNULL = YES;
				CLANG_ANALYZER_NUMBER_OBJECT_CONVERSION = YES_AGGRESSIVE;
				CLANG_CXX_LANGUAGE_STANDARD = "gnu++20";
				CLANG_ENABLE_MODULES = YES;
				CLANG_ENABLE_OBJC_ARC = YES;
				CLANG_ENABLE_OBJC_WEAK = YES;
				CLANG_WARN_BLOCK_CAPTURE_AUTORELEASING = YES;
				CLANG_WARN_BOOL_CONVERSION = YES;
				CLANG_WARN_COMMA = YES;
				CLANG_WARN_CONSTANT_CONVERSION = YES;
				CLANG_WARN_DEPRECATED_OBJC_IMPLEMENTATIONS = YES;
				CLANG_WARN_DIRECT_OBJC_ISA_USAGE = YES_ERROR;
				CLANG_WARN_DOCUMENTATION_COMMENTS = YES;
				CLANG_WARN_EMPTY_BODY = YES;
				CLANG_WARN_ENUM_CONVERSION = YES;
				CLANG_WARN_INFINITE_RECURSION = YES;
				CLANG_WARN_INT_CONVERSION = YES;
				CLANG_WARN_NON_LITERAL_NULL_CONVERSION = YES;
				CLANG_WARN_OBJC_IMPLICIT_RETAIN_SELF = YES;
				CLANG_WARN_OBJC_LITERAL_CONVERSION = YES;
				CLANG_WARN_OBJC_ROOT_CLASS = YES_ERROR;
				CLANG_WARN_QUOTED_INCLUDE_IN_FRAMEWORK_HEADER = YES;
				CLANG_WARN_RANGE_LOOP_ANALYSIS = YES;
				CLANG_WARN_STRICT_PROTOTYPES = YES;
				CLANG_WARN_SUSPICIOUS_MOVE = YES;
				CLANG_WARN_UNGUARDED_AVAILABILITY = YES_AGGRESSIVE;
				CLANG_WARN_UNREACHABLE_CODE = YES;
				CLANG_WARN__DUPLICATE_METHOD_MATCH = YES;
				COPY_PHASE_STRIP = NO;
				DEAD_CODE_STRIPPING = YES;
				DEBUG_INFORMATION_FORMAT = dwarf;
				ENABLE_STRICT_OBJC_MSGSEND = YES;
				ENABLE_TESTABILITY = YES;
				ENABLE_USER_SCRIPT_SANDBOXING = YES;
				GCC_C_LANGUAGE_STANDARD = gnu17;
				GCC_DYNAMIC_NO_PIC = NO;
				GCC_NO_COMMON_BLOCKS = YES;
				GCC_OPTIMIZATION_LEVEL = 0;
				GCC_PREPROCESSOR_DEFINITIONS = (
					"DEBUG=1",
					"$(inherited)",
				);
				GCC_WARN_64_TO_32_BIT_CONVERSION = YES;
				GCC_WARN_ABOUT_RETURN_TYPE = YES_ERROR;
				GCC_WARN_UNDECLARED_SELECTOR = YES;
				GCC_WARN_UNINITIALIZED_AUTOS = YES_AGGRESSIVE;
				GCC_WARN_UNUSED_FUNCTION = YES;
				GCC_WARN_UNUSED_VARIABLE = YES;
				LOCALIZATION_PREFERS_STRING_CATALOGS = YES;
				MTL_ENABLE_DEBUG_INFO = INCLUDE_SOURCE;
				MTL_FAST_MATH = YES;
				ONLY_ACTIVE_ARCH = YES;
				SWIFT_ACTIVE_COMPILATION_CONDITIONS = "DEBUG $(inherited)";
				SWIFT_OPTIMIZATION_LEVEL = "-Onone";
			};
			name = Debug;
		};
		629E8DA02A548E5C002CDCAF /* Release */ = {
			isa = XCBuildConfiguration;
			buildSettings = {
				ALWAYS_SEARCH_USER_PATHS = NO;
				ASSETCATALOG_COMPILER_GENERATE_SWIFT_ASSET_SYMBOL_EXTENSIONS = YES;
				CLANG_ANALYZER_NONNULL = YES;
				CLANG_ANALYZER_NUMBER_OBJECT_CONVERSION = YES_AGGRESSIVE;
				CLANG_CXX_LANGUAGE_STANDARD = "gnu++20";
				CLANG_ENABLE_MODULES = YES;
				CLANG_ENABLE_OBJC_ARC = YES;
				CLANG_ENABLE_OBJC_WEAK = YES;
				CLANG_WARN_BLOCK_CAPTURE_AUTORELEASING = YES;
				CLANG_WARN_BOOL_CONVERSION = YES;
				CLANG_WARN_COMMA = YES;
				CLANG_WARN_CONSTANT_CONVERSION = YES;
				CLANG_WARN_DEPRECATED_OBJC_IMPLEMENTATIONS = YES;
				CLANG_WARN_DIRECT_OBJC_ISA_USAGE = YES_ERROR;
				CLANG_WARN_DOCUMENTATION_COMMENTS = YES;
				CLANG_WARN_EMPTY_BODY = YES;
				CLANG_WARN_ENUM_CONVERSION = YES;
				CLANG_WARN_INFINITE_RECURSION = YES;
				CLANG_WARN_INT_CONVERSION = YES;
				CLANG_WARN_NON_LITERAL_NULL_CONVERSION = YES;
				CLANG_WARN_OBJC_IMPLICIT_RETAIN_SELF = YES;
				CLANG_WARN_OBJC_LITERAL_CONVERSION = YES;
				CLANG_WARN_OBJC_ROOT_CLASS = YES_ERROR;
				CLANG_WARN_QUOTED_INCLUDE_IN_FRAMEWORK_HEADER = YES;
				CLANG_WARN_RANGE_LOOP_ANALYSIS = YES;
				CLANG_WARN_STRICT_PROTOTYPES = YES;
				CLANG_WARN_SUSPICIOUS_MOVE = YES;
				CLANG_WARN_UNGUARDED_AVAILABILITY = YES_AGGRESSIVE;
				CLANG_WARN_UNREACHABLE_CODE = YES;
				CLANG_WARN__DUPLICATE_METHOD_MATCH = YES;
				COPY_PHASE_STRIP = NO;
				DEAD_CODE_STRIPPING = YES;
				DEBUG_INFORMATION_FORMAT = "dwarf-with-dsym";
				ENABLE_NS_ASSERTIONS = NO;
				ENABLE_STRICT_OBJC_MSGSEND = YES;
				ENABLE_USER_SCRIPT_SANDBOXING = YES;
				GCC_C_LANGUAGE_STANDARD = gnu17;
				GCC_NO_COMMON_BLOCKS = YES;
				GCC_WARN_64_TO_32_BIT_CONVERSION = YES;
				GCC_WARN_ABOUT_RETURN_TYPE = YES_ERROR;
				GCC_WARN_UNDECLARED_SELECTOR = YES;
				GCC_WARN_UNINITIALIZED_AUTOS = YES_AGGRESSIVE;
				GCC_WARN_UNUSED_FUNCTION = YES;
				GCC_WARN_UNUSED_VARIABLE = YES;
				LOCALIZATION_PREFERS_STRING_CATALOGS = YES;
				MTL_ENABLE_DEBUG_INFO = NO;
				MTL_FAST_MATH = YES;
				SWIFT_COMPILATION_MODE = wholemodule;
			};
			name = Release;
		};
		629E8DA22A548E5C002CDCAF /* Debug */ = {
			isa = XCBuildConfiguration;
			buildSettings = {
				ASSETCATALOG_COMPILER_APPICON_NAME = AppIcon;
				ASSETCATALOG_COMPILER_GLOBAL_ACCENT_COLOR_NAME = AccentColor;
				CODE_SIGN_ENTITLEMENTS = Adventurers/Adventurers.entitlements;
				CODE_SIGN_STYLE = Automatic;
				CURRENT_PROJECT_VERSION = 1;
				DEAD_CODE_STRIPPING = YES;
				DEVELOPMENT_ASSET_PATHS = "\"Adventurers/Preview Content\"";
				DEVELOPMENT_TEAM = R5PQPZARC5;
				ENABLE_HARDENED_RUNTIME = YES;
				ENABLE_PREVIEWS = YES;
				GENERATE_INFOPLIST_FILE = YES;
				INFOPLIST_FILE = Adventurers/Info.plist;
				"INFOPLIST_KEY_UIApplicationSceneManifest_Generation[sdk=iphoneos*]" = YES;
				"INFOPLIST_KEY_UIApplicationSceneManifest_Generation[sdk=iphonesimulator*]" = YES;
				"INFOPLIST_KEY_UIApplicationSupportsIndirectInputEvents[sdk=iphoneos*]" = YES;
				"INFOPLIST_KEY_UIApplicationSupportsIndirectInputEvents[sdk=iphonesimulator*]" = YES;
				"INFOPLIST_KEY_UILaunchScreen_Generation[sdk=iphoneos*]" = YES;
				"INFOPLIST_KEY_UILaunchScreen_Generation[sdk=iphonesimulator*]" = YES;
				INFOPLIST_KEY_UILaunchStoryboardName = "";
				"INFOPLIST_KEY_UIStatusBarStyle[sdk=iphoneos*]" = UIStatusBarStyleDefault;
				"INFOPLIST_KEY_UIStatusBarStyle[sdk=iphonesimulator*]" = UIStatusBarStyleDefault;
				INFOPLIST_KEY_UISupportedInterfaceOrientations_iPad = "UIInterfaceOrientationPortrait UIInterfaceOrientationPortraitUpsideDown UIInterfaceOrientationLandscapeLeft UIInterfaceOrientationLandscapeRight";
				INFOPLIST_KEY_UISupportedInterfaceOrientations_iPhone = "UIInterfaceOrientationPortrait UIInterfaceOrientationLandscapeLeft UIInterfaceOrientationLandscapeRight";
				IPHONEOS_DEPLOYMENT_TARGET = 17.0;
				LD_RUNPATH_SEARCH_PATHS = "@executable_path/Frameworks";
				"LD_RUNPATH_SEARCH_PATHS[sdk=macosx*]" = "@executable_path/../Frameworks";
				MACOSX_DEPLOYMENT_TARGET = 14.0;
				MARKETING_VERSION = 1.0;
				PRODUCT_BUNDLE_IDENTIFIER = com.sydpolk.adventurers.Adventurers;
				PRODUCT_NAME = "$(TARGET_NAME)";
				SDKROOT = auto;
				SUPPORTED_PLATFORMS = "iphoneos iphonesimulator macosx";
				SUPPORTS_MACCATALYST = NO;
				SWIFT_EMIT_LOC_STRINGS = YES;
				SWIFT_VERSION = 5.0;
				TARGETED_DEVICE_FAMILY = "1,2";
			};
			name = Debug;
		};
		629E8DA32A548E5C002CDCAF /* Release */ = {
			isa = XCBuildConfiguration;
			buildSettings = {
				ASSETCATALOG_COMPILER_APPICON_NAME = AppIcon;
				ASSETCATALOG_COMPILER_GLOBAL_ACCENT_COLOR_NAME = AccentColor;
				CODE_SIGN_ENTITLEMENTS = Adventurers/Adventurers.entitlements;
				CODE_SIGN_STYLE = Automatic;
				CURRENT_PROJECT_VERSION = 1;
				DEAD_CODE_STRIPPING = YES;
				DEVELOPMENT_ASSET_PATHS = "\"Adventurers/Preview Content\"";
				DEVELOPMENT_TEAM = R5PQPZARC5;
				ENABLE_HARDENED_RUNTIME = YES;
				ENABLE_PREVIEWS = YES;
				GENERATE_INFOPLIST_FILE = YES;
				INFOPLIST_FILE = Adventurers/Info.plist;
				"INFOPLIST_KEY_UIApplicationSceneManifest_Generation[sdk=iphoneos*]" = YES;
				"INFOPLIST_KEY_UIApplicationSceneManifest_Generation[sdk=iphonesimulator*]" = YES;
				"INFOPLIST_KEY_UIApplicationSupportsIndirectInputEvents[sdk=iphoneos*]" = YES;
				"INFOPLIST_KEY_UIApplicationSupportsIndirectInputEvents[sdk=iphonesimulator*]" = YES;
				"INFOPLIST_KEY_UILaunchScreen_Generation[sdk=iphoneos*]" = YES;
				"INFOPLIST_KEY_UILaunchScreen_Generation[sdk=iphonesimulator*]" = YES;
				INFOPLIST_KEY_UILaunchStoryboardName = "";
				"INFOPLIST_KEY_UIStatusBarStyle[sdk=iphoneos*]" = UIStatusBarStyleDefault;
				"INFOPLIST_KEY_UIStatusBarStyle[sdk=iphonesimulator*]" = UIStatusBarStyleDefault;
				INFOPLIST_KEY_UISupportedInterfaceOrientations_iPad = "UIInterfaceOrientationPortrait UIInterfaceOrientationPortraitUpsideDown UIInterfaceOrientationLandscapeLeft UIInterfaceOrientationLandscapeRight";
				INFOPLIST_KEY_UISupportedInterfaceOrientations_iPhone = "UIInterfaceOrientationPortrait UIInterfaceOrientationLandscapeLeft UIInterfaceOrientationLandscapeRight";
				IPHONEOS_DEPLOYMENT_TARGET = 17.0;
				LD_RUNPATH_SEARCH_PATHS = "@executable_path/Frameworks";
				"LD_RUNPATH_SEARCH_PATHS[sdk=macosx*]" = "@executable_path/../Frameworks";
				MACOSX_DEPLOYMENT_TARGET = 14.0;
				MARKETING_VERSION = 1.0;
				PRODUCT_BUNDLE_IDENTIFIER = com.sydpolk.adventurers.Adventurers;
				PRODUCT_NAME = "$(TARGET_NAME)";
				SDKROOT = auto;
				SUPPORTED_PLATFORMS = "iphoneos iphonesimulator macosx";
				SUPPORTS_MACCATALYST = NO;
				SWIFT_EMIT_LOC_STRINGS = YES;
				SWIFT_VERSION = 5.0;
				TARGETED_DEVICE_FAMILY = "1,2";
			};
			name = Release;
		};
		629E8DA52A548E5C002CDCAF /* Debug */ = {
			isa = XCBuildConfiguration;
			buildSettings = {
				ALWAYS_EMBED_SWIFT_STANDARD_LIBRARIES = YES;
				BUNDLE_LOADER = "$(TEST_HOST)";
				CODE_SIGN_STYLE = Automatic;
				CURRENT_PROJECT_VERSION = 1;
				DEAD_CODE_STRIPPING = YES;
				DEVELOPMENT_TEAM = R5PQPZARC5;
				GENERATE_INFOPLIST_FILE = YES;
				IPHONEOS_DEPLOYMENT_TARGET = 17.0;
				MACOSX_DEPLOYMENT_TARGET = 13.4;
				MARKETING_VERSION = 1.0;
				PRODUCT_BUNDLE_IDENTIFIER = com.sydpolk.adventurers.AdventurersTests;
				PRODUCT_NAME = "$(TARGET_NAME)";
				SDKROOT = auto;
				SUPPORTED_PLATFORMS = "iphoneos iphonesimulator macosx";
				SWIFT_EMIT_LOC_STRINGS = NO;
				SWIFT_VERSION = 5.0;
				TARGETED_DEVICE_FAMILY = "1,2";
				TEST_HOST = "$(BUILT_PRODUCTS_DIR)/Adventurers.app/$(BUNDLE_EXECUTABLE_FOLDER_PATH)/Adventurers";
			};
			name = Debug;
		};
		629E8DA62A548E5C002CDCAF /* Release */ = {
			isa = XCBuildConfiguration;
			buildSettings = {
				ALWAYS_EMBED_SWIFT_STANDARD_LIBRARIES = YES;
				BUNDLE_LOADER = "$(TEST_HOST)";
				CODE_SIGN_STYLE = Automatic;
				CURRENT_PROJECT_VERSION = 1;
				DEAD_CODE_STRIPPING = YES;
				DEVELOPMENT_TEAM = R5PQPZARC5;
				GENERATE_INFOPLIST_FILE = YES;
				IPHONEOS_DEPLOYMENT_TARGET = 17.0;
				MACOSX_DEPLOYMENT_TARGET = 13.4;
				MARKETING_VERSION = 1.0;
				PRODUCT_BUNDLE_IDENTIFIER = com.sydpolk.adventurers.AdventurersTests;
				PRODUCT_NAME = "$(TARGET_NAME)";
				SDKROOT = auto;
				SUPPORTED_PLATFORMS = "iphoneos iphonesimulator macosx";
				SWIFT_EMIT_LOC_STRINGS = NO;
				SWIFT_VERSION = 5.0;
				TARGETED_DEVICE_FAMILY = "1,2";
				TEST_HOST = "$(BUILT_PRODUCTS_DIR)/Adventurers.app/$(BUNDLE_EXECUTABLE_FOLDER_PATH)/Adventurers";
			};
			name = Release;
		};
		629E8DA82A548E5C002CDCAF /* Debug */ = {
			isa = XCBuildConfiguration;
			buildSettings = {
				ALWAYS_EMBED_SWIFT_STANDARD_LIBRARIES = YES;
				CODE_SIGN_STYLE = Automatic;
				CURRENT_PROJECT_VERSION = 1;
				DEAD_CODE_STRIPPING = YES;
				DEVELOPMENT_TEAM = R5PQPZARC5;
				GENERATE_INFOPLIST_FILE = YES;
				IPHONEOS_DEPLOYMENT_TARGET = 17.0;
				MACOSX_DEPLOYMENT_TARGET = 13.4;
				MARKETING_VERSION = 1.0;
				PRODUCT_BUNDLE_IDENTIFIER = com.sydpolk.adventurers.AdventurersUITests;
				PRODUCT_NAME = "$(TARGET_NAME)";
				SDKROOT = auto;
				SUPPORTED_PLATFORMS = "iphoneos iphonesimulator macosx";
				SWIFT_EMIT_LOC_STRINGS = NO;
				SWIFT_VERSION = 5.0;
				TARGETED_DEVICE_FAMILY = "1,2";
				TEST_TARGET_NAME = Adventurers;
			};
			name = Debug;
		};
		629E8DA92A548E5C002CDCAF /* Release */ = {
			isa = XCBuildConfiguration;
			buildSettings = {
				ALWAYS_EMBED_SWIFT_STANDARD_LIBRARIES = YES;
				CODE_SIGN_STYLE = Automatic;
				CURRENT_PROJECT_VERSION = 1;
				DEAD_CODE_STRIPPING = YES;
				DEVELOPMENT_TEAM = R5PQPZARC5;
				GENERATE_INFOPLIST_FILE = YES;
				IPHONEOS_DEPLOYMENT_TARGET = 17.0;
				MACOSX_DEPLOYMENT_TARGET = 13.4;
				MARKETING_VERSION = 1.0;
				PRODUCT_BUNDLE_IDENTIFIER = com.sydpolk.adventurers.AdventurersUITests;
				PRODUCT_NAME = "$(TARGET_NAME)";
				SDKROOT = auto;
				SUPPORTED_PLATFORMS = "iphoneos iphonesimulator macosx";
				SWIFT_EMIT_LOC_STRINGS = NO;
				SWIFT_VERSION = 5.0;
				TARGETED_DEVICE_FAMILY = "1,2";
				TEST_TARGET_NAME = Adventurers;
			};
			name = Release;
		};
/* End XCBuildConfiguration section */

/* Begin XCConfigurationList section */
		629E8D742A548E5B002CDCAF /* Build configuration list for PBXProject "Adventurers" */ = {
			isa = XCConfigurationList;
			buildConfigurations = (
				629E8D9F2A548E5C002CDCAF /* Debug */,
				629E8DA02A548E5C002CDCAF /* Release */,
			);
			defaultConfigurationIsVisible = 0;
			defaultConfigurationName = Release;
		};
		629E8DA12A548E5C002CDCAF /* Build configuration list for PBXNativeTarget "Adventurers" */ = {
			isa = XCConfigurationList;
			buildConfigurations = (
				629E8DA22A548E5C002CDCAF /* Debug */,
				629E8DA32A548E5C002CDCAF /* Release */,
			);
			defaultConfigurationIsVisible = 0;
			defaultConfigurationName = Release;
		};
		629E8DA42A548E5C002CDCAF /* Build configuration list for PBXNativeTarget "AdventurersTests" */ = {
			isa = XCConfigurationList;
			buildConfigurations = (
				629E8DA52A548E5C002CDCAF /* Debug */,
				629E8DA62A548E5C002CDCAF /* Release */,
			);
			defaultConfigurationIsVisible = 0;
			defaultConfigurationName = Release;
		};
		629E8DA72A548E5C002CDCAF /* Build configuration list for PBXNativeTarget "AdventurersUITests" */ = {
			isa = XCConfigurationList;
			buildConfigurations = (
				629E8DA82A548E5C002CDCAF /* Debug */,
				629E8DA92A548E5C002CDCAF /* Release */,
			);
			defaultConfigurationIsVisible = 0;
			defaultConfigurationName = Release;
		};
/* End XCConfigurationList section */
	};
	rootObject = 629E8D712A548E5B002CDCAF /* Project object */;
}
